
Microsoft Visual Studio Solution File, Format Version 12.00
# Visual Studio Version 16
VisualStudioVersion = 16.0.31911.196
MinimumVisualStudioVersion = 10.0.40219.1
Project("{FAE04EC0-301F-11D3-BF4B-00C04F79EFBC}") = "StarterProject", "StarterProject\StarterProject.csproj", "{E169BD00-44DA-4A17-B2BC-D76BF18E5B05}"
EndProject
Global
	GlobalSection(SolutionConfigurationPlatforms) = preSolution
		Debug|Any CPU = Debug|Any CPU
		Release|Any CPU = Release|Any CPU
	EndGlobalSection
	GlobalSection(ProjectConfigurationPlatforms) = postSolution
		{E169BD00-44DA-4A17-B2BC-D76BF18E5B05}.Debug|Any CPU.ActiveCfg = Debug|Any CPU
		{E169BD00-44DA-4A17-B2BC-D76BF18E5B05}.Debug|Any CPU.Build.0 = Debug|Any CPU
		{E169BD00-44DA-4A17-B2BC-D76BF18E5B05}.Release|Any CPU.ActiveCfg = Release|Any CPU
		{E169BD00-44DA-4A17-B2BC-D76BF18E5B05}.Release|Any CPU.Build.0 = Release|Any CPU
	EndGlobalSection
	GlobalSection(SolutionProperties) = preSolution
		HideSolutionNode = FALSE
	EndGlobalSection
	GlobalSection(ExtensibilityGlobals) = postSolution
		SolutionGuid = {A3F0C4FB-DA63-48DB-A961-F70043105A89}
	EndGlobalSection
EndGlobal
